// !$*UTF8*$!
{
	archiveVersion = 1;
	classes = {
	};
	objectVersion = 46;
	objects = {

/* Begin PBXBuildFile section */
		71BE522D1F0B353300CE0026 /* main.m in Sources */ = {isa = PBXBuildFile; fileRef = 71BE522C1F0B353300CE0026 /* main.m */; };
		71BE52301F0B353300CE0026 /* AppDelegate.m in Sources */ = {isa = PBXBuildFile; fileRef = 71BE522F1F0B353300CE0026 /* AppDelegate.m */; };
		71BE52331F0B353300CE0026 /* ViewController.m in Sources */ = {isa = PBXBuildFile; fileRef = 71BE52321F0B353300CE0026 /* ViewController.m */; };
		71BE52361F0B353300CE0026 /* Main.storyboard in Resources */ = {isa = PBXBuildFile; fileRef = 71BE52341F0B353300CE0026 /* Main.storyboard */; };
		71BE52381F0B353300CE0026 /* Assets.xcassets in Resources */ = {isa = PBXBuildFile; fileRef = 71BE52371F0B353300CE0026 /* Assets.xcassets */; };
		71BE523B1F0B353300CE0026 /* LaunchScreen.storyboard in Resources */ = {isa = PBXBuildFile; fileRef = 71BE52391F0B353300CE0026 /* LaunchScreen.storyboard */; };
		71BE52461F0B353300CE0026 /* LTCustomTagsViewerTests.m in Sources */ = {isa = PBXBuildFile; fileRef = 71BE52451F0B353300CE0026 /* LTCustomTagsViewerTests.m */; };
		71BE52511F0B353300CE0026 /* LTCustomTagsViewerUITests.m in Sources */ = {isa = PBXBuildFile; fileRef = 71BE52501F0B353300CE0026 /* LTCustomTagsViewerUITests.m */; };
		71BE52611F0B416A00CE0026 /* LTCustomTagsViewer.m in Sources */ = {isa = PBXBuildFile; fileRef = 71BE52601F0B416A00CE0026 /* LTCustomTagsViewer.m */; };
/* End PBXBuildFile section */

/* Begin PBXContainerItemProxy section */
		71BE52421F0B353300CE0026 /* PBXContainerItemProxy */ = {
			isa = PBXContainerItemProxy;
			containerPortal = 71BE52201F0B353300CE0026 /* Project object */;
			proxyType = 1;
			remoteGlobalIDString = 71BE52271F0B353300CE0026;
			remoteInfo = LTCustomTagsViewer;
		};
		71BE524D1F0B353300CE0026 /* PBXContainerItemProxy */ = {
			isa = PBXContainerItemProxy;
			containerPortal = 71BE52201F0B353300CE0026 /* Project object */;
			proxyType = 1;
			remoteGlobalIDString = 71BE52271F0B353300CE0026;
			remoteInfo = LTCustomTagsViewer;
		};
/* End PBXContainerItemProxy section */

/* Begin PBXFileReference section */
		71BE52281F0B353300CE0026 /* LTCustomTagsViewer.app */ = {isa = PBXFileReference; explicitFileType = wrapper.application; includeInIndex = 0; path = LTCustomTagsViewer.app; sourceTree = BUILT_PRODUCTS_DIR; };
		71BE522C1F0B353300CE0026 /* main.m */ = {isa = PBXFileReference; lastKnownFileType = sourcecode.c.objc; path = main.m; sourceTree = "<group>"; };
		71BE522E1F0B353300CE0026 /* AppDelegate.h */ = {isa = PBXFileReference; lastKnownFileType = sourcecode.c.h; path = AppDelegate.h; sourceTree = "<group>"; };
		71BE522F1F0B353300CE0026 /* AppDelegate.m */ = {isa = PBXFileReference; lastKnownFileType = sourcecode.c.objc; path = AppDelegate.m; sourceTree = "<group>"; };
		71BE52311F0B353300CE0026 /* ViewController.h */ = {isa = PBXFileReference; lastKnownFileType = sourcecode.c.h; path = ViewController.h; sourceTree = "<group>"; };
		71BE52321F0B353300CE0026 /* ViewController.m */ = {isa = PBXFileReference; lastKnownFileType = sourcecode.c.objc; path = ViewController.m; sourceTree = "<group>"; };
		71BE52351F0B353300CE0026 /* Base */ = {isa = PBXFileReference; lastKnownFileType = file.storyboard; name = Base; path = Base.lproj/Main.storyboard; sourceTree = "<group>"; };
		71BE52371F0B353300CE0026 /* Assets.xcassets */ = {isa = PBXFileReference; lastKnownFileType = folder.assetcatalog; path = Assets.xcassets; sourceTree = "<group>"; };
		71BE523A1F0B353300CE0026 /* Base */ = {isa = PBXFileReference; lastKnownFileType = file.storyboard; name = Base; path = Base.lproj/LaunchScreen.storyboard; sourceTree = "<group>"; };
		71BE523C1F0B353300CE0026 /* Info.plist */ = {isa = PBXFileReference; lastKnownFileType = text.plist.xml; path = Info.plist; sourceTree = "<group>"; };
		71BE52411F0B353300CE0026 /* LTCustomTagsViewerTests.xctest */ = {isa = PBXFileReference; explicitFileType = wrapper.cfbundle; includeInIndex = 0; path = LTCustomTagsViewerTests.xctest; sourceTree = BUILT_PRODUCTS_DIR; };
		71BE52451F0B353300CE0026 /* LTCustomTagsViewerTests.m */ = {isa = PBXFileReference; lastKnownFileType = sourcecode.c.objc; path = LTCustomTagsViewerTests.m; sourceTree = "<group>"; };
		71BE52471F0B353300CE0026 /* Info.plist */ = {isa = PBXFileReference; lastKnownFileType = text.plist.xml; path = Info.plist; sourceTree = "<group>"; };
		71BE524C1F0B353300CE0026 /* LTCustomTagsViewerUITests.xctest */ = {isa = PBXFileReference; explicitFileType = wrapper.cfbundle; includeInIndex = 0; path = LTCustomTagsViewerUITests.xctest; sourceTree = BUILT_PRODUCTS_DIR; };
		71BE52501F0B353300CE0026 /* LTCustomTagsViewerUITests.m */ = {isa = PBXFileReference; lastKnownFileType = sourcecode.c.objc; path = LTCustomTagsViewerUITests.m; sourceTree = "<group>"; };
		71BE52521F0B353300CE0026 /* Info.plist */ = {isa = PBXFileReference; lastKnownFileType = text.plist.xml; path = Info.plist; sourceTree = "<group>"; };
		71BE525F1F0B416A00CE0026 /* LTCustomTagsViewer.h */ = {isa = PBXFileReference; fileEncoding = 4; lastKnownFileType = sourcecode.c.h; path = LTCustomTagsViewer.h; sourceTree = "<group>"; };
		71BE52601F0B416A00CE0026 /* LTCustomTagsViewer.m */ = {isa = PBXFileReference; fileEncoding = 4; lastKnownFileType = sourcecode.c.objc; path = LTCustomTagsViewer.m; sourceTree = "<group>"; };
/* End PBXFileReference section */

/* Begin PBXFrameworksBuildPhase section */
		71BE52251F0B353300CE0026 /* Frameworks */ = {
			isa = PBXFrameworksBuildPhase;
			buildActionMask = 2147483647;
			files = (
			);
			runOnlyForDeploymentPostprocessing = 0;
		};
		71BE523E1F0B353300CE0026 /* Frameworks */ = {
			isa = PBXFrameworksBuildPhase;
			buildActionMask = 2147483647;
			files = (
			);
			runOnlyForDeploymentPostprocessing = 0;
		};
		71BE52491F0B353300CE0026 /* Frameworks */ = {
			isa = PBXFrameworksBuildPhase;
			buildActionMask = 2147483647;
			files = (
			);
			runOnlyForDeploymentPostprocessing = 0;
		};
/* End PBXFrameworksBuildPhase section */

/* Begin PBXGroup section */
		71BE521F1F0B353300CE0026 = {
			isa = PBXGroup;
			children = (
				71BE522A1F0B353300CE0026 /* LTCustomTagsViewer */,
				71BE52441F0B353300CE0026 /* LTCustomTagsViewerTests */,
				71BE524F1F0B353300CE0026 /* LTCustomTagsViewerUITests */,
				71BE52291F0B353300CE0026 /* Products */,
			);
			sourceTree = "<group>";
		};
		71BE52291F0B353300CE0026 /* Products */ = {
			isa = PBXGroup;
			children = (
				71BE52281F0B353300CE0026 /* LTCustomTagsViewer.app */,
				71BE52411F0B353300CE0026 /* LTCustomTagsViewerTests.xctest */,
				71BE524C1F0B353300CE0026 /* LTCustomTagsViewerUITests.xctest */,
			);
			name = Products;
			sourceTree = "<group>";
		};
		71BE522A1F0B353300CE0026 /* LTCustomTagsViewer */ = {
			isa = PBXGroup;
			children = (
				71BE522E1F0B353300CE0026 /* AppDelegate.h */,
				71BE522F1F0B353300CE0026 /* AppDelegate.m */,
				71BE52311F0B353300CE0026 /* ViewController.h */,
				71BE52321F0B353300CE0026 /* ViewController.m */,
				71BE52341F0B353300CE0026 /* Main.storyboard */,
				71BE52371F0B353300CE0026 /* Assets.xcassets */,
				71BE52391F0B353300CE0026 /* LaunchScreen.storyboard */,
				71BE523C1F0B353300CE0026 /* Info.plist */,
				71BE522B1F0B353300CE0026 /* Supporting Files */,
				71BE525F1F0B416A00CE0026 /* LTCustomTagsViewer.h */,
				71BE52601F0B416A00CE0026 /* LTCustomTagsViewer.m */,
			);
			path = LTCustomTagsViewer;
			sourceTree = "<group>";
		};
		71BE522B1F0B353300CE0026 /* Supporting Files */ = {
			isa = PBXGroup;
			children = (
				71BE522C1F0B353300CE0026 /* main.m */,
			);
			name = "Supporting Files";
			sourceTree = "<group>";
		};
		71BE52441F0B353300CE0026 /* LTCustomTagsViewerTests */ = {
			isa = PBXGroup;
			children = (
				71BE52451F0B353300CE0026 /* LTCustomTagsViewerTests.m */,
				71BE52471F0B353300CE0026 /* Info.plist */,
			);
			path = LTCustomTagsViewerTests;
			sourceTree = "<group>";
		};
		71BE524F1F0B353300CE0026 /* LTCustomTagsViewerUITests */ = {
			isa = PBXGroup;
			children = (
				71BE52501F0B353300CE0026 /* LTCustomTagsViewerUITests.m */,
				71BE52521F0B353300CE0026 /* Info.plist */,
			);
			path = LTCustomTagsViewerUITests;
			sourceTree = "<group>";
		};
/* End PBXGroup section */

/* Begin PBXNativeTarget section */
		71BE52271F0B353300CE0026 /* LTCustomTagsViewer */ = {
			isa = PBXNativeTarget;
			buildConfigurationList = 71BE52551F0B353300CE0026 /* Build configuration list for PBXNativeTarget "LTCustomTagsViewer" */;
			buildPhases = (
				71BE52241F0B353300CE0026 /* Sources */,
				71BE52251F0B353300CE0026 /* Frameworks */,
				71BE52261F0B353300CE0026 /* Resources */,
			);
			buildRules = (
			);
			dependencies = (
			);
			name = LTCustomTagsViewer;
			productName = LTCustomTagsViewer;
			productReference = 71BE52281F0B353300CE0026 /* LTCustomTagsViewer.app */;
			productType = "com.apple.product-type.application";
		};
		71BE52401F0B353300CE0026 /* LTCustomTagsViewerTests */ = {
			isa = PBXNativeTarget;
			buildConfigurationList = 71BE52581F0B353300CE0026 /* Build configuration list for PBXNativeTarget "LTCustomTagsViewerTests" */;
			buildPhases = (
				71BE523D1F0B353300CE0026 /* Sources */,
				71BE523E1F0B353300CE0026 /* Frameworks */,
				71BE523F1F0B353300CE0026 /* Resources */,
			);
			buildRules = (
			);
			dependencies = (
				71BE52431F0B353300CE0026 /* PBXTargetDependency */,
			);
			name = LTCustomTagsViewerTests;
			productName = LTCustomTagsViewerTests;
			productReference = 71BE52411F0B353300CE0026 /* LTCustomTagsViewerTests.xctest */;
			productType = "com.apple.product-type.bundle.unit-test";
		};
		71BE524B1F0B353300CE0026 /* LTCustomTagsViewerUITests */ = {
			isa = PBXNativeTarget;
			buildConfigurationList = 71BE525B1F0B353300CE0026 /* Build configuration list for PBXNativeTarget "LTCustomTagsViewerUITests" */;
			buildPhases = (
				71BE52481F0B353300CE0026 /* Sources */,
				71BE52491F0B353300CE0026 /* Frameworks */,
				71BE524A1F0B353300CE0026 /* Resources */,
			);
			buildRules = (
			);
			dependencies = (
				71BE524E1F0B353300CE0026 /* PBXTargetDependency */,
			);
			name = LTCustomTagsViewerUITests;
			productName = LTCustomTagsViewerUITests;
			productReference = 71BE524C1F0B353300CE0026 /* LTCustomTagsViewerUITests.xctest */;
			productType = "com.apple.product-type.bundle.ui-testing";
		};
/* End PBXNativeTarget section */

/* Begin PBXProject section */
		71BE52201F0B353300CE0026 /* Project object */ = {
			isa = PBXProject;
			attributes = {
				LastUpgradeCheck = 0830;
				ORGANIZATIONNAME = luthertsai;
				TargetAttributes = {
					71BE52271F0B353300CE0026 = {
						CreatedOnToolsVersion = 8.3.2;
						ProvisioningStyle = Automatic;
					};
					71BE52401F0B353300CE0026 = {
						CreatedOnToolsVersion = 8.3.2;
						ProvisioningStyle = Automatic;
						TestTargetID = 71BE52271F0B353300CE0026;
					};
					71BE524B1F0B353300CE0026 = {
						CreatedOnToolsVersion = 8.3.2;
						ProvisioningStyle = Automatic;
						TestTargetID = 71BE52271F0B353300CE0026;
					};
				};
			};
			buildConfigurationList = 71BE52231F0B353300CE0026 /* Build configuration list for PBXProject "LTCustomTagsViewer" */;
			compatibilityVersion = "Xcode 3.2";
			developmentRegion = English;
			hasScannedForEncodings = 0;
			knownRegions = (
				en,
				Base,
			);
			mainGroup = 71BE521F1F0B353300CE0026;
			productRefGroup = 71BE52291F0B353300CE0026 /* Products */;
			projectDirPath = "";
			projectRoot = "";
			targets = (
				71BE52271F0B353300CE0026 /* LTCustomTagsViewer */,
				71BE52401F0B353300CE0026 /* LTCustomTagsViewerTests */,
				71BE524B1F0B353300CE0026 /* LTCustomTagsViewerUITests */,
			);
		};
/* End PBXProject section */

/* Begin PBXResourcesBuildPhase section */
		71BE52261F0B353300CE0026 /* Resources */ = {
			isa = PBXResourcesBuildPhase;
			buildActionMask = 2147483647;
			files = (
				71BE523B1F0B353300CE0026 /* LaunchScreen.storyboard in Resources */,
				71BE52381F0B353300CE0026 /* Assets.xcassets in Resources */,
				71BE52361F0B353300CE0026 /* Main.storyboard in Resources */,
			);
			runOnlyForDeploymentPostprocessing = 0;
		};
		71BE523F1F0B353300CE0026 /* Resources */ = {
			isa = PBXResourcesBuildPhase;
			buildActionMask = 2147483647;
			files = (
			);
			runOnlyForDeploymentPostprocessing = 0;
		};
		71BE524A1F0B353300CE0026 /* Resources */ = {
			isa = PBXResourcesBuildPhase;
			buildActionMask = 2147483647;
			files = (
			);
			runOnlyForDeploymentPostprocessing = 0;
		};
/* End PBXResourcesBuildPhase section */

/* Begin PBXSourcesBuildPhase section */
		71BE52241F0B353300CE0026 /* Sources */ = {
			isa = PBXSourcesBuildPhase;
			buildActionMask = 2147483647;
			files = (
				71BE52331F0B353300CE0026 /* ViewController.m in Sources */,
				71BE52301F0B353300CE0026 /* AppDelegate.m in Sources */,
				71BE522D1F0B353300CE0026 /* main.m in Sources */,
				71BE52611F0B416A00CE0026 /* LTCustomTagsViewer.m in Sources */,
			);
			runOnlyForDeploymentPostprocessing = 0;
		};
		71BE523D1F0B353300CE0026 /* Sources */ = {
			isa = PBXSourcesBuildPhase;
			buildActionMask = 2147483647;
			files = (
				71BE52461F0B353300CE0026 /* LTCustomTagsViewerTests.m in Sources */,
			);
			runOnlyForDeploymentPostprocessing = 0;
		};
		71BE52481F0B353300CE0026 /* Sources */ = {
			isa = PBXSourcesBuildPhase;
			buildActionMask = 2147483647;
			files = (
				71BE52511F0B353300CE0026 /* LTCustomTagsViewerUITests.m in Sources */,
			);
			runOnlyForDeploymentPostprocessing = 0;
		};
/* End PBXSourcesBuildPhase section */

/* Begin PBXTargetDependency section */
		71BE52431F0B353300CE0026 /* PBXTargetDependency */ = {
			isa = PBXTargetDependency;
			target = 71BE52271F0B353300CE0026 /* LTCustomTagsViewer */;
			targetProxy = 71BE52421F0B353300CE0026 /* PBXContainerItemProxy */;
		};
		71BE524E1F0B353300CE0026 /* PBXTargetDependency */ = {
			isa = PBXTargetDependency;
			target = 71BE52271F0B353300CE0026 /* LTCustomTagsViewer */;
			targetProxy = 71BE524D1F0B353300CE0026 /* PBXContainerItemProxy */;
		};
/* End PBXTargetDependency section */

/* Begin PBXVariantGroup section */
		71BE52341F0B353300CE0026 /* Main.storyboard */ = {
			isa = PBXVariantGroup;
			children = (
				71BE52351F0B353300CE0026 /* Base */,
			);
			name = Main.storyboard;
			sourceTree = "<group>";
		};
		71BE52391F0B353300CE0026 /* LaunchScreen.storyboard */ = {
			isa = PBXVariantGroup;
			children = (
				71BE523A1F0B353300CE0026 /* Base */,
			);
			name = LaunchScreen.storyboard;
			sourceTree = "<group>";
		};
/* End PBXVariantGroup section */

/* Begin XCBuildConfiguration section */
		71BE52531F0B353300CE0026 /* Debug */ = {
			isa = XCBuildConfiguration;
			buildSettings = {
				ALWAYS_SEARCH_USER_PATHS = NO;
				CLANG_ANALYZER_NONNULL = YES;
				CLANG_ANALYZER_NUMBER_OBJECT_CONVERSION = YES_AGGRESSIVE;
				CLANG_CXX_LANGUAGE_STANDARD = "gnu++0x";
				CLANG_CXX_LIBRARY = "libc++";
				CLANG_ENABLE_MODULES = YES;
				CLANG_ENABLE_OBJC_ARC = YES;
				CLANG_WARN_BOOL_CONVERSION = YES;
				CLANG_WARN_CONSTANT_CONVERSION = YES;
				CLANG_WARN_DIRECT_OBJC_ISA_USAGE = YES_ERROR;
				CLANG_WARN_DOCUMENTATION_COMMENTS = YES;
				CLANG_WARN_EMPTY_BODY = YES;
				CLANG_WARN_ENUM_CONVERSION = YES;
				CLANG_WARN_INFINITE_RECURSION = YES;
				CLANG_WARN_INT_CONVERSION = YES;
				CLANG_WARN_OBJC_ROOT_CLASS = YES_ERROR;
				CLANG_WARN_SUSPICIOUS_MOVE = YES;
				CLANG_WARN_UNREACHABLE_CODE = YES;
				CLANG_WARN__DUPLICATE_METHOD_MATCH = YES;
				"CODE_SIGN_IDENTITY[sdk=iphoneos*]" = "iPhone Developer";
				COPY_PHASE_STRIP = NO;
				DEBUG_INFORMATION_FORMAT = dwarf;
				ENABLE_STRICT_OBJC_MSGSEND = YES;
				ENABLE_TESTABILITY = YES;
				GCC_C_LANGUAGE_STANDARD = gnu99;
				GCC_DYNAMIC_NO_PIC = NO;
				GCC_NO_COMMON_BLOCKS = YES;
				GCC_OPTIMIZATION_LEVEL = 0;
				GCC_PREPROCESSOR_DEFINITIONS = (
					"DEBUG=1",
					"$(inherited)",
				);
				GCC_WARN_64_TO_32_BIT_CONVERSION = YES;
				GCC_WARN_ABOUT_RETURN_TYPE = YES_ERROR;
				GCC_WARN_UNDECLARED_SELECTOR = YES;
				GCC_WARN_UNINITIALIZED_AUTOS = YES_AGGRESSIVE;
				GCC_WARN_UNUSED_FUNCTION = YES;
				GCC_WARN_UNUSED_VARIABLE = YES;
				IPHONEOS_DEPLOYMENT_TARGET = 10.3;
				MTL_ENABLE_DEBUG_INFO = YES;
				ONLY_ACTIVE_ARCH = YES;
				SDKROOT = iphoneos;
			};
			name = Debug;
		};
		71BE52541F0B353300CE0026 /* Release */ = {
			isa = XCBuildConfiguration;
			buildSettings = {
				ALWAYS_SEARCH_USER_PATHS = NO;
				CLANG_ANALYZER_NONNULL = YES;
				CLANG_ANALYZER_NUMBER_OBJECT_CONVERSION = YES_AGGRESSIVE;
				CLANG_CXX_LANGUAGE_STANDARD = "gnu++0x";
				CLANG_CXX_LIBRARY = "libc++";
				CLANG_ENABLE_MODULES = YES;
				CLANG_ENABLE_OBJC_ARC = YES;
				CLANG_WARN_BOOL_CONVERSION = YES;
				CLANG_WARN_CONSTANT_CONVERSION = YES;
				CLANG_WARN_DIRECT_OBJC_ISA_USAGE = YES_ERROR;
				CLANG_WARN_DOCUMENTATION_COMMENTS = YES;
				CLANG_WARN_EMPTY_BODY = YES;
				CLANG_WARN_ENUM_CONVERSION = YES;
				CLANG_WARN_INFINITE_RECURSION = YES;
				CLANG_WARN_INT_CONVERSION = YES;
				CLANG_WARN_OBJC_ROOT_CLASS = YES_ERROR;
				CLANG_WARN_SUSPICIOUS_MOVE = YES;
				CLANG_WARN_UNREACHABLE_CODE = YES;
				CLANG_WARN__DUPLICATE_METHOD_MATCH = YES;
				"CODE_SIGN_IDENTITY[sdk=iphoneos*]" = "iPhone Developer";
				COPY_PHASE_STRIP = NO;
				DEBUG_INFORMATION_FORMAT = "dwarf-with-dsym";
				ENABLE_NS_ASSERTIONS = NO;
				ENABLE_STRICT_OBJC_MSGSEND = YES;
				GCC_C_LANGUAGE_STANDARD = gnu99;
				GCC_NO_COMMON_BLOCKS = YES;
				GCC_WARN_64_TO_32_BIT_CONVERSION = YES;
				GCC_WARN_ABOUT_RETURN_TYPE = YES_ERROR;
				GCC_WARN_UNDECLARED_SELECTOR = YES;
				GCC_WARN_UNINITIALIZED_AUTOS = YES_AGGRESSIVE;
				GCC_WARN_UNUSED_FUNCTION = YES;
				GCC_WARN_UNUSED_VARIABLE = YES;
				IPHONEOS_DEPLOYMENT_TARGET = 10.3;
				MTL_ENABLE_DEBUG_INFO = NO;
				SDKROOT = iphoneos;
				VALIDATE_PRODUCT = YES;
			};
			name = Release;
		};
		71BE52561F0B353300CE0026 /* Debug */ = {
			isa = XCBuildConfiguration;
			buildSettings = {
				ASSETCATALOG_COMPILER_APPICON_NAME = AppIcon;
				INFOPLIST_FILE = LTCustomTagsViewer/Info.plist;
				LD_RUNPATH_SEARCH_PATHS = "$(inherited) @executable_path/Frameworks";
				PRODUCT_BUNDLE_IDENTIFIER = com.luthertsai.LTCustomTagsViewer;
				PRODUCT_NAME = "$(TARGET_NAME)";
			};
			name = Debug;
		};
		71BE52571F0B353300CE0026 /* Release */ = {
			isa = XCBuildConfiguration;
			buildSettings = {
				ASSETCATALOG_COMPILER_APPICON_NAME = AppIcon;
				INFOPLIST_FILE = LTCustomTagsViewer/Info.plist;
				LD_RUNPATH_SEARCH_PATHS = "$(inherited) @executable_path/Frameworks";
				PRODUCT_BUNDLE_IDENTIFIER = com.luthertsai.LTCustomTagsViewer;
				PRODUCT_NAME = "$(TARGET_NAME)";
			};
			name = Release;
		};
		71BE52591F0B353300CE0026 /* Debug */ = {
			isa = XCBuildConfiguration;
			buildSettings = {
				BUNDLE_LOADER = "$(TEST_HOST)";
				INFOPLIST_FILE = LTCustomTagsViewerTests/Info.plist;
				LD_RUNPATH_SEARCH_PATHS = "$(inherited) @executable_path/Frameworks @loader_path/Frameworks";
				PRODUCT_BUNDLE_IDENTIFIER = com.luthertsai.LTCustomTagsViewerTests;
				PRODUCT_NAME = "$(TARGET_NAME)";
				TEST_HOST = "$(BUILT_PRODUCTS_DIR)/LTCustomTagsViewer.app/LTCustomTagsViewer";
			};
			name = Debug;
		};
		71BE525A1F0B353300CE0026 /* Release */ = {
			isa = XCBuildConfiguration;
			buildSettings = {
				BUNDLE_LOADER = "$(TEST_HOST)";
				INFOPLIST_FILE = LTCustomTagsViewerTests/Info.plist;
				LD_RUNPATH_SEARCH_PATHS = "$(inherited) @executable_path/Frameworks @loader_path/Frameworks";
				PRODUCT_BUNDLE_IDENTIFIER = com.luthertsai.LTCustomTagsViewerTests;
				PRODUCT_NAME = "$(TARGET_NAME)";
				TEST_HOST = "$(BUILT_PRODUCTS_DIR)/LTCustomTagsViewer.app/LTCustomTagsViewer";
			};
			name = Release;
		};
		71BE525C1F0B353300CE0026 /* Debug */ = {
			isa = XCBuildConfiguration;
			buildSettings = {
				INFOPLIST_FILE = LTCustomTagsViewerUITests/Info.plist;
				LD_RUNPATH_SEARCH_PATHS = "$(inherited) @executable_path/Frameworks @loader_path/Frameworks";
				PRODUCT_BUNDLE_IDENTIFIER = com.luthertsai.LTCustomTagsViewerUITests;
				PRODUCT_NAME = "$(TARGET_NAME)";
				TEST_TARGET_NAME = LTCustomTagsViewer;
			};
			name = Debug;
		};
		71BE525D1F0B353300CE0026 /* Release */ = {
			isa = XCBuildConfiguration;
			buildSettings = {
				INFOPLIST_FILE = LTCustomTagsViewerUITests/Info.plist;
				LD_RUNPATH_SEARCH_PATHS = "$(inherited) @executable_path/Frameworks @loader_path/Frameworks";
				PRODUCT_BUNDLE_IDENTIFIER = com.luthertsai.LTCustomTagsViewerUITests;
				PRODUCT_NAME = "$(TARGET_NAME)";
				TEST_TARGET_NAME = LTCustomTagsViewer;
			};
			name = Release;
		};
/* End XCBuildConfiguration section */

/* Begin XCConfigurationList section */
		71BE52231F0B353300CE0026 /* Build configuration list for PBXProject "LTCustomTagsViewer" */ = {
			isa = XCConfigurationList;
			buildConfigurations = (
				71BE52531F0B353300CE0026 /* Debug */,
				71BE52541F0B353300CE0026 /* Release */,
			);
			defaultConfigurationIsVisible = 0;
			defaultConfigurationName = Release;
		};
		71BE52551F0B353300CE0026 /* Build configuration list for PBXNativeTarget "LTCustomTagsViewer" */ = {
			isa = XCConfigurationList;
			buildConfigurations = (
				71BE52561F0B353300CE0026 /* Debug */,
				71BE52571F0B353300CE0026 /* Release */,
			);
			defaultConfigurationIsVisible = 0;
		};
		71BE52581F0B353300CE0026 /* Build configuration list for PBXNativeTarget "LTCustomTagsViewerTests" */ = {
			isa = XCConfigurationList;
			buildConfigurations = (
				71BE52591F0B353300CE0026 /* Debug */,
				71BE525A1F0B353300CE0026 /* Release */,
			);
			defaultConfigurationIsVisible = 0;
		};
		71BE525B1F0B353300CE0026 /* Build configuration list for PBXNativeTarget "LTCustomTagsViewerUITests" */ = {
			isa = XCConfigurationList;
			buildConfigurations = (
				71BE525C1F0B353300CE0026 /* Debug */,
				71BE525D1F0B353300CE0026 /* Release */,
			);
			defaultConfigurationIsVisible = 0;
		};
/* End XCConfigurationList section */
	};
	rootObject = 71BE52201F0B353300CE0026 /* Project object */;
}
